
Microsoft Visual Studio Solution File, Format Version 12.00
# Visual Studio 2012
Project("{8BC9CEB8-8B4A-11D0-8D11-00A0C91BC942}") = "TeaPot3D", "TeaPot3D\TeaPot3D.vcxproj", "{2FBDD2DB-F2D0-4813-90EB-AA393A61DACE}"
EndProject
Project("{8BC9CEB8-8B4A-11D0-8D11-00A0C91BC942}") = "SnowManExample", "SnowManExample\SnowManExample.vcxproj", "{2217EFC9-CA31-479B-AB7C-A86B768CDDC0}"
EndProject
Project("{8BC9CEB8-8B4A-11D0-8D11-00A0C91BC942}") = "Object3DReading", "Object3DReading\Object3DReading.vcxproj", "{B8A62C47-DDF1-4912-ABD5-52F4D0A0AD0D}"
EndProject
Project("{8BC9CEB8-8B4A-11D0-8D11-00A0C91BC942}") = "FitUp", "FitUp\FitUp.vcxproj", "{DC5B46C7-1210-405A-A65A-FDD4077AFD5A}"
EndProject
Project("{8BC9CEB8-8B4A-11D0-8D11-00A0C91BC942}") = "Framework", "Framework\Framework.vcxproj", "{E0A55FC2-8261-499A-961D-7FCEE0C08CF5}"
EndProject
Project("{8BC9CEB8-8B4A-11D0-8D11-00A0C91BC942}") = "Ilumination", "Ilumination\Ilumination.vcxproj", "{5BF500F0-9CF3-480D-A5B7-DF4760D37C13}"
EndProject
Project("{8BC9CEB8-8B4A-11D0-8D11-00A0C91BC942}") = "Textures", "Texture\Texture.vcxproj", "{90A25AB8-23C6-424C-B6B9-7E6861D1C022}"
EndProject
Project("{2150E333-8FDC-42A3-9474-1A3956D46DE8}") = "IluminationTests", "IluminationTests", "{89ECC814-D88E-460B-962E-CB86DF6781BC}"
EndProject
Project("{8BC9CEB8-8B4A-11D0-8D11-00A0C91BC942}") = "LitSphere", "LitSphere\LitSphere.vcxproj", "{D7888663-958D-4B29-97A6-FBA1D7A5417B}"
EndProject
Global
	GlobalSection(SolutionConfigurationPlatforms) = preSolution
		Debug|Win32 = Debug|Win32
		Release|Win32 = Release|Win32
	EndGlobalSection
	GlobalSection(ProjectConfigurationPlatforms) = postSolution
		{2FBDD2DB-F2D0-4813-90EB-AA393A61DACE}.Debug|Win32.ActiveCfg = Debug|Win32
		{2FBDD2DB-F2D0-4813-90EB-AA393A61DACE}.Debug|Win32.Build.0 = Debug|Win32
		{2FBDD2DB-F2D0-4813-90EB-AA393A61DACE}.Release|Win32.ActiveCfg = Release|Win32
		{2FBDD2DB-F2D0-4813-90EB-AA393A61DACE}.Release|Win32.Build.0 = Release|Win32
		{2217EFC9-CA31-479B-AB7C-A86B768CDDC0}.Debug|Win32.ActiveCfg = Debug|Win32
		{2217EFC9-CA31-479B-AB7C-A86B768CDDC0}.Debug|Win32.Build.0 = Debug|Win32
		{2217EFC9-CA31-479B-AB7C-A86B768CDDC0}.Release|Win32.ActiveCfg = Release|Win32
		{2217EFC9-CA31-479B-AB7C-A86B768CDDC0}.Release|Win32.Build.0 = Release|Win32
		{B8A62C47-DDF1-4912-ABD5-52F4D0A0AD0D}.Debug|Win32.ActiveCfg = Debug|Win32
		{B8A62C47-DDF1-4912-ABD5-52F4D0A0AD0D}.Debug|Win32.Build.0 = Debug|Win32
		{B8A62C47-DDF1-4912-ABD5-52F4D0A0AD0D}.Release|Win32.ActiveCfg = Release|Win32
		{B8A62C47-DDF1-4912-ABD5-52F4D0A0AD0D}.Release|Win32.Build.0 = Release|Win32
		{DC5B46C7-1210-405A-A65A-FDD4077AFD5A}.Debug|Win32.ActiveCfg = Debug|Win32
		{DC5B46C7-1210-405A-A65A-FDD4077AFD5A}.Debug|Win32.Build.0 = Debug|Win32
		{DC5B46C7-1210-405A-A65A-FDD4077AFD5A}.Release|Win32.ActiveCfg = Release|Win32
		{DC5B46C7-1210-405A-A65A-FDD4077AFD5A}.Release|Win32.Build.0 = Release|Win32
		{E0A55FC2-8261-499A-961D-7FCEE0C08CF5}.Debug|Win32.ActiveCfg = Debug|Win32
		{E0A55FC2-8261-499A-961D-7FCEE0C08CF5}.Debug|Win32.Build.0 = Debug|Win32
		{E0A55FC2-8261-499A-961D-7FCEE0C08CF5}.Release|Win32.ActiveCfg = Release|Win32
		{E0A55FC2-8261-499A-961D-7FCEE0C08CF5}.Release|Win32.Build.0 = Release|Win32
		{5BF500F0-9CF3-480D-A5B7-DF4760D37C13}.Debug|Win32.ActiveCfg = Debug|Win32
		{5BF500F0-9CF3-480D-A5B7-DF4760D37C13}.Debug|Win32.Build.0 = Debug|Win32
		{5BF500F0-9CF3-480D-A5B7-DF4760D37C13}.Release|Win32.ActiveCfg = Release|Win32
		{5BF500F0-9CF3-480D-A5B7-DF4760D37C13}.Release|Win32.Build.0 = Release|Win32
		{90A25AB8-23C6-424C-B6B9-7E6861D1C022}.Debug|Win32.ActiveCfg = Debug|Win32
		{90A25AB8-23C6-424C-B6B9-7E6861D1C022}.Debug|Win32.Build.0 = Debug|Win32
		{90A25AB8-23C6-424C-B6B9-7E6861D1C022}.Release|Win32.ActiveCfg = Release|Win32
		{90A25AB8-23C6-424C-B6B9-7E6861D1C022}.Release|Win32.Build.0 = Release|Win32
		{D7888663-958D-4B29-97A6-FBA1D7A5417B}.Debug|Win32.ActiveCfg = Debug|Win32
		{D7888663-958D-4B29-97A6-FBA1D7A5417B}.Debug|Win32.Build.0 = Debug|Win32
		{D7888663-958D-4B29-97A6-FBA1D7A5417B}.Release|Win32.ActiveCfg = Release|Win32
		{D7888663-958D-4B29-97A6-FBA1D7A5417B}.Release|Win32.Build.0 = Release|Win32
	EndGlobalSection
	GlobalSection(SolutionProperties) = preSolution
		HideSolutionNode = FALSE
	EndGlobalSection
	GlobalSection(NestedProjects) = preSolution
		{D7888663-958D-4B29-97A6-FBA1D7A5417B} = {89ECC814-D88E-460B-962E-CB86DF6781BC}
	EndGlobalSection
EndGlobal
