
Microsoft Visual Studio Solution File, Format Version 12.00
# Visual Studio 2012
Project("{8BC9CEB8-8B4A-11D0-8D11-00A0C91BC942}") = "SnowToy", "SnowToy\SnowToy.vcxproj", "{472E6F93-B25D-40F5-BBEB-00C085117D84}"
EndProject
Project("{8BC9CEB8-8B4A-11D0-8D11-00A0C91BC942}") = "SnowManExample", "SnowManExample\SnowManExample.vcxproj", "{2217EFC9-CA31-479B-AB7C-A86B768CDDC0}"
EndProject
Global
	GlobalSection(SolutionConfigurationPlatforms) = preSolution
		Debug|Win32 = Debug|Win32
		Release|Win32 = Release|Win32
	EndGlobalSection
	GlobalSection(ProjectConfigurationPlatforms) = postSolution
		{472E6F93-B25D-40F5-BBEB-00C085117D84}.Debug|Win32.ActiveCfg = Debug|Win32
		{472E6F93-B25D-40F5-BBEB-00C085117D84}.Debug|Win32.Build.0 = Debug|Win32
		{472E6F93-B25D-40F5-BBEB-00C085117D84}.Release|Win32.ActiveCfg = Release|Win32
		{472E6F93-B25D-40F5-BBEB-00C085117D84}.Release|Win32.Build.0 = Release|Win32
		{2217EFC9-CA31-479B-AB7C-A86B768CDDC0}.Debug|Win32.ActiveCfg = Debug|Win32
		{2217EFC9-CA31-479B-AB7C-A86B768CDDC0}.Debug|Win32.Build.0 = Debug|Win32
		{2217EFC9-CA31-479B-AB7C-A86B768CDDC0}.Release|Win32.ActiveCfg = Release|Win32
		{2217EFC9-CA31-479B-AB7C-A86B768CDDC0}.Release|Win32.Build.0 = Release|Win32
	EndGlobalSection
	GlobalSection(SolutionProperties) = preSolution
		HideSolutionNode = FALSE
	EndGlobalSection
EndGlobal
